
Microsoft Visual Studio Solution File, Format Version 12.00
# Visual Studio 15
VisualStudioVersion = 15.0.27428.2015
MinimumVisualStudioVersion = 10.0.40219.1
Project("{9A19103F-16F7-4668-BE54-9A1E7A4F7556}") = "PowerShellGraphSDK", "src\PowerShellGraphSDK\PowerShellGraphSDK.csproj", "{831E21CA-9580-4B96-A239-2F85190B5E6C}"
EndProject
Project("{FAE04EC0-301F-11D3-BF4B-00C04F79EFBC}") = "GraphODataPowerShellSDKWriter", "src\GraphODataPowerShellWriter\GraphODataPowerShellSDKWriter.csproj", "{3B8C0953-5E14-4D77-98F3-411CA0A3CE78}"
	ProjectSection(ProjectDependencies) = postProject
		{831E21CA-9580-4B96-A239-2F85190B5E6C} = {831E21CA-9580-4B96-A239-2F85190B5E6C}
	EndProjectSection
EndProject
Project("{2150E333-8FDC-42A3-9474-1A3956D46DE8}") = "Tests", "Tests", "{9F6E2D2F-5688-4624-BB99-0FE1E0DC1313}"
	ProjectSection(SolutionItems) = preProject
		Tests\DeviceAppManagement\AppProtectionPolicies.ps1 = Tests\DeviceAppManagement\AppProtectionPolicies.ps1
		Tests\LobApps\Apps.psm1 = Tests\LobApps\Apps.psm1
		Tests\DeviceManagement\DeviceCompliancePolicies.ps1 = Tests\DeviceManagement\DeviceCompliancePolicies.ps1
		Tests\DeviceManagement.ps1 = Tests\DeviceManagement.ps1
		Tests\LobApps\Microsoft.Graph.Intune.Apps.psd1 = Tests\LobApps\Microsoft.Graph.Intune.Apps.psd1
		Tests\DeviceAppManagement\MobileApps.ps1 = Tests\DeviceAppManagement\MobileApps.ps1
		Tests\LobApps\POC_AllOS_Create_Cmdlets.ps1 = Tests\LobApps\POC_AllOS_Create_Cmdlets.ps1
		Tests\LobApps\POC_AllOS_Reset_Cmdlets.ps1 = Tests\LobApps\POC_AllOS_Reset_Cmdlets.ps1
		Tests\Run-AppProtectionPolicyTests.ps1 = Tests\Run-AppProtectionPolicyTests.ps1
		Tests\Run-CompliancePolicyTests.ps1 = Tests\Run-CompliancePolicyTests.ps1
		Tests\Run-ConfigurationPolicyTests.ps1 = Tests\Run-ConfigurationPolicyTests.ps1
		Tests\Run-GetDeviceAppMgmtTests.ps1 = Tests\Run-GetDeviceAppMgmtTests.ps1
		Tests\Run-GetDeviceMgmtTests.ps1 = Tests\Run-GetDeviceMgmtTests.ps1
		Tests\Setup-TestContext.psm1 = Tests\Setup-TestContext.psm1
		Tests\LobApps\UploadIOSLobApp.ps1 = Tests\LobApps\UploadIOSLobApp.ps1
		Tests\LobApps\UploadLobApp.psm1 = Tests\LobApps\UploadLobApp.psm1
		Tests\LobApps\VisualizeData.ps1 = Tests\LobApps\VisualizeData.ps1
	EndProjectSection
EndProject
Global
	GlobalSection(SolutionConfigurationPlatforms) = preSolution
		Debug|Any CPU = Debug|Any CPU
		Release|Any CPU = Release|Any CPU
	EndGlobalSection
	GlobalSection(ProjectConfigurationPlatforms) = postSolution
		{831E21CA-9580-4B96-A239-2F85190B5E6C}.Debug|Any CPU.ActiveCfg = Debug|Any CPU
		{831E21CA-9580-4B96-A239-2F85190B5E6C}.Debug|Any CPU.Build.0 = Debug|Any CPU
		{831E21CA-9580-4B96-A239-2F85190B5E6C}.Release|Any CPU.ActiveCfg = Release|Any CPU
		{831E21CA-9580-4B96-A239-2F85190B5E6C}.Release|Any CPU.Build.0 = Release|Any CPU
		{3B8C0953-5E14-4D77-98F3-411CA0A3CE78}.Debug|Any CPU.ActiveCfg = Debug|Any CPU
		{3B8C0953-5E14-4D77-98F3-411CA0A3CE78}.Debug|Any CPU.Build.0 = Debug|Any CPU
		{3B8C0953-5E14-4D77-98F3-411CA0A3CE78}.Release|Any CPU.ActiveCfg = Release|Any CPU
		{3B8C0953-5E14-4D77-98F3-411CA0A3CE78}.Release|Any CPU.Build.0 = Release|Any CPU
	EndGlobalSection
	GlobalSection(SolutionProperties) = preSolution
		HideSolutionNode = FALSE
	EndGlobalSection
	GlobalSection(ExtensibilityGlobals) = postSolution
		SolutionGuid = {E45802D0-583B-4A6F-B149-467F7DDBF338}
	EndGlobalSection
EndGlobal
